
Microsoft Visual Studio Solution File, Format Version 12.00
# Visual Studio Version 17
VisualStudioVersion = 17.5.33103.201
MinimumVisualStudioVersion = 10.0.40219.1
Project("{FAE04EC0-301F-11D3-BF4B-00C04F79EFBC}") = "2022", "2022/2022.csproj", "{ADB16A95-E350-49C9-80C7-DB9D2DA23778}"
EndProject
Global
	GlobalSection(SolutionConfigurationPlatforms) = preSolution
		Debug|Any CPU = Debug|Any CPU
		Release|Any CPU = Release|Any CPU
	EndGlobalSection
	GlobalSection(ProjectConfigurationPlatforms) = postSolution
		{ADB16A95-E350-49C9-80C7-DB9D2DA23778}.Debug|Any CPU.ActiveCfg = Debug|Any CPU
		{ADB16A95-E350-49C9-80C7-DB9D2DA23778}.Debug|Any CPU.Build.0 = Debug|Any CPU
		{ADB16A95-E350-49C9-80C7-DB9D2DA23778}.Release|Any CPU.ActiveCfg = Release|Any CPU
		{ADB16A95-E350-49C9-80C7-DB9D2DA23778}.Release|Any CPU.Build.0 = Release|Any CPU
	EndGlobalSection
	GlobalSection(SolutionProperties) = preSolution
		HideSolutionNode = FALSE
	EndGlobalSection
	GlobalSection(ExtensibilityGlobals) = postSolution
		SolutionGuid = {BFADC6A5-4F15-429B-9B43-E5FDED437B48}
	EndGlobalSection
EndGlobal
