
Microsoft Visual Studio Solution File, Format Version 12.00
# Visual Studio Version 16
VisualStudioVersion = 16.0.30320.27
MinimumVisualStudioVersion = 10.0.40219.1
Project("{FAE04EC0-301F-11D3-BF4B-00C04F79EFBC}") = "AdventOfCode-2020", "src\AdventOfCode-2020.csproj", "{CBD3FE9B-A413-4314-833B-7CB6EBD0CE02}"
EndProject
Global
	GlobalSection(SolutionConfigurationPlatforms) = preSolution
		Debug|Any CPU = Debug|Any CPU
		Release|Any CPU = Release|Any CPU
	EndGlobalSection
	GlobalSection(ProjectConfigurationPlatforms) = postSolution
		{CBD3FE9B-A413-4314-833B-7CB6EBD0CE02}.Debug|Any CPU.ActiveCfg = Debug|Any CPU
		{CBD3FE9B-A413-4314-833B-7CB6EBD0CE02}.Debug|Any CPU.Build.0 = Debug|Any CPU
		{CBD3FE9B-A413-4314-833B-7CB6EBD0CE02}.Release|Any CPU.ActiveCfg = Release|Any CPU
		{CBD3FE9B-A413-4314-833B-7CB6EBD0CE02}.Release|Any CPU.Build.0 = Release|Any CPU
	EndGlobalSection
	GlobalSection(SolutionProperties) = preSolution
		HideSolutionNode = FALSE
	EndGlobalSection
	GlobalSection(ExtensibilityGlobals) = postSolution
		SolutionGuid = {68F3E494-6B09-4CF6-98B1-5CD29DD6924F}
	EndGlobalSection
EndGlobal
